
Microsoft Visual Studio Solution File, Format Version 12.00
# Visual Studio Version 17
VisualStudioVersion = 17.0.31903.59
MinimumVisualStudioVersion = 10.0.40219.1
Project("{FAE04EC0-301F-11D3-BF4B-00C04F79EFBC}") = "CQRS.Core", "..\CQRS-ES\CQRS.Core\CQRS.Core.csproj", "{C48791D5-A186-4B08-B7AA-CFC4732ED8F7}"
EndProject
Project("{2150E333-8FDC-42A3-9474-1A3956D46DE8}") = "Post.Cmd", "Post.Cmd", "{3FE1A5F5-5172-4D83-9B68-2E339D7F3CEB}"
EndProject
Project("{FAE04EC0-301F-11D3-BF4B-00C04F79EFBC}") = "Post.Cmd.Api", "Post.Cmd\Post.Cmd.Api\Post.Cmd.Api.csproj", "{2911F538-DD2C-4C50-BFAA-FEC3BE2B5D6E}"
EndProject
Project("{FAE04EC0-301F-11D3-BF4B-00C04F79EFBC}") = "Post.Cmd.Domain", "Post.Cmd\Post.Cmd.Domain\Post.Cmd.Domain.csproj", "{83D13F1F-D5B0-4E1C-9264-80A3324C058B}"
EndProject
Project("{FAE04EC0-301F-11D3-BF4B-00C04F79EFBC}") = "Post.Cmd.Infrastructure", "Post.Cmd\Post.Cmd.Infrastructure\Post.Cmd.Infrastructure.csproj", "{9A2F768C-82C1-4070-8B2B-33AA5CD6F9AB}"
EndProject
Project("{2150E333-8FDC-42A3-9474-1A3956D46DE8}") = "Post.Query", "Post.Query", "{016AB995-1703-4A7F-95D1-0B1D7157A670}"
EndProject
Project("{FAE04EC0-301F-11D3-BF4B-00C04F79EFBC}") = "Post.Query.Api", "Post.Query\Post.Query.Api\Post.Query.Api.csproj", "{0AA2E20C-394A-451E-86CC-808A9B4B1837}"
EndProject
Project("{FAE04EC0-301F-11D3-BF4B-00C04F79EFBC}") = "Post.Query.Domain", "Post.Query\Post.Query.Domain\Post.Query.Domain.csproj", "{06831461-3CBE-4F5B-B129-D6D0B77798C5}"
EndProject
Project("{FAE04EC0-301F-11D3-BF4B-00C04F79EFBC}") = "Post.Query.Infrastucture", "Post.Query\Post.Query.Infrastucture\Post.Query.Infrastucture.csproj", "{B897127E-3738-4317-AF59-2819CE300158}"
EndProject
Global
	GlobalSection(SolutionProperties) = preSolution
		HideSolutionNode = FALSE
	EndGlobalSection
	GlobalSection(ProjectConfigurationPlatforms) = postSolution
		{C48791D5-A186-4B08-B7AA-CFC4732ED8F7}.Debug|Any CPU.ActiveCfg = Debug|Any CPU
		{C48791D5-A186-4B08-B7AA-CFC4732ED8F7}.Debug|Any CPU.Build.0 = Debug|Any CPU
		{C48791D5-A186-4B08-B7AA-CFC4732ED8F7}.Release|Any CPU.ActiveCfg = Release|Any CPU
		{C48791D5-A186-4B08-B7AA-CFC4732ED8F7}.Release|Any CPU.Build.0 = Release|Any CPU
		{2911F538-DD2C-4C50-BFAA-FEC3BE2B5D6E}.Debug|Any CPU.ActiveCfg = Debug|Any CPU
		{2911F538-DD2C-4C50-BFAA-FEC3BE2B5D6E}.Debug|Any CPU.Build.0 = Debug|Any CPU
		{2911F538-DD2C-4C50-BFAA-FEC3BE2B5D6E}.Debug|x64.ActiveCfg = Debug|Any CPU
		{2911F538-DD2C-4C50-BFAA-FEC3BE2B5D6E}.Debug|x64.Build.0 = Debug|Any CPU
		{2911F538-DD2C-4C50-BFAA-FEC3BE2B5D6E}.Debug|x86.ActiveCfg = Debug|Any CPU
		{2911F538-DD2C-4C50-BFAA-FEC3BE2B5D6E}.Debug|x86.Build.0 = Debug|Any CPU
		{2911F538-DD2C-4C50-BFAA-FEC3BE2B5D6E}.Release|Any CPU.ActiveCfg = Release|Any CPU
		{2911F538-DD2C-4C50-BFAA-FEC3BE2B5D6E}.Release|Any CPU.Build.0 = Release|Any CPU
		{2911F538-DD2C-4C50-BFAA-FEC3BE2B5D6E}.Release|x64.ActiveCfg = Release|Any CPU
		{2911F538-DD2C-4C50-BFAA-FEC3BE2B5D6E}.Release|x64.Build.0 = Release|Any CPU
		{2911F538-DD2C-4C50-BFAA-FEC3BE2B5D6E}.Release|x86.ActiveCfg = Release|Any CPU
		{2911F538-DD2C-4C50-BFAA-FEC3BE2B5D6E}.Release|x86.Build.0 = Release|Any CPU
		{83D13F1F-D5B0-4E1C-9264-80A3324C058B}.Debug|Any CPU.ActiveCfg = Debug|Any CPU
		{83D13F1F-D5B0-4E1C-9264-80A3324C058B}.Debug|Any CPU.Build.0 = Debug|Any CPU
		{83D13F1F-D5B0-4E1C-9264-80A3324C058B}.Debug|x64.ActiveCfg = Debug|Any CPU
		{83D13F1F-D5B0-4E1C-9264-80A3324C058B}.Debug|x64.Build.0 = Debug|Any CPU
		{83D13F1F-D5B0-4E1C-9264-80A3324C058B}.Debug|x86.ActiveCfg = Debug|Any CPU
		{83D13F1F-D5B0-4E1C-9264-80A3324C058B}.Debug|x86.Build.0 = Debug|Any CPU
		{83D13F1F-D5B0-4E1C-9264-80A3324C058B}.Release|Any CPU.ActiveCfg = Release|Any CPU
		{83D13F1F-D5B0-4E1C-9264-80A3324C058B}.Release|Any CPU.Build.0 = Release|Any CPU
		{83D13F1F-D5B0-4E1C-9264-80A3324C058B}.Release|x64.ActiveCfg = Release|Any CPU
		{83D13F1F-D5B0-4E1C-9264-80A3324C058B}.Release|x64.Build.0 = Release|Any CPU
		{83D13F1F-D5B0-4E1C-9264-80A3324C058B}.Release|x86.ActiveCfg = Release|Any CPU
		{83D13F1F-D5B0-4E1C-9264-80A3324C058B}.Release|x86.Build.0 = Release|Any CPU
		{9A2F768C-82C1-4070-8B2B-33AA5CD6F9AB}.Debug|Any CPU.ActiveCfg = Debug|Any CPU
		{9A2F768C-82C1-4070-8B2B-33AA5CD6F9AB}.Debug|Any CPU.Build.0 = Debug|Any CPU
		{9A2F768C-82C1-4070-8B2B-33AA5CD6F9AB}.Debug|x64.ActiveCfg = Debug|Any CPU
		{9A2F768C-82C1-4070-8B2B-33AA5CD6F9AB}.Debug|x64.Build.0 = Debug|Any CPU
		{9A2F768C-82C1-4070-8B2B-33AA5CD6F9AB}.Debug|x86.ActiveCfg = Debug|Any CPU
		{9A2F768C-82C1-4070-8B2B-33AA5CD6F9AB}.Debug|x86.Build.0 = Debug|Any CPU
		{9A2F768C-82C1-4070-8B2B-33AA5CD6F9AB}.Release|Any CPU.ActiveCfg = Release|Any CPU
		{9A2F768C-82C1-4070-8B2B-33AA5CD6F9AB}.Release|Any CPU.Build.0 = Release|Any CPU
		{9A2F768C-82C1-4070-8B2B-33AA5CD6F9AB}.Release|x64.ActiveCfg = Release|Any CPU
		{9A2F768C-82C1-4070-8B2B-33AA5CD6F9AB}.Release|x64.Build.0 = Release|Any CPU
		{9A2F768C-82C1-4070-8B2B-33AA5CD6F9AB}.Release|x86.ActiveCfg = Release|Any CPU
		{9A2F768C-82C1-4070-8B2B-33AA5CD6F9AB}.Release|x86.Build.0 = Release|Any CPU
		{0AA2E20C-394A-451E-86CC-808A9B4B1837}.Debug|Any CPU.ActiveCfg = Debug|Any CPU
		{0AA2E20C-394A-451E-86CC-808A9B4B1837}.Debug|Any CPU.Build.0 = Debug|Any CPU
		{0AA2E20C-394A-451E-86CC-808A9B4B1837}.Debug|x64.ActiveCfg = Debug|Any CPU
		{0AA2E20C-394A-451E-86CC-808A9B4B1837}.Debug|x64.Build.0 = Debug|Any CPU
		{0AA2E20C-394A-451E-86CC-808A9B4B1837}.Debug|x86.ActiveCfg = Debug|Any CPU
		{0AA2E20C-394A-451E-86CC-808A9B4B1837}.Debug|x86.Build.0 = Debug|Any CPU
		{0AA2E20C-394A-451E-86CC-808A9B4B1837}.Release|Any CPU.ActiveCfg = Release|Any CPU
		{0AA2E20C-394A-451E-86CC-808A9B4B1837}.Release|Any CPU.Build.0 = Release|Any CPU
		{0AA2E20C-394A-451E-86CC-808A9B4B1837}.Release|x64.ActiveCfg = Release|Any CPU
		{0AA2E20C-394A-451E-86CC-808A9B4B1837}.Release|x64.Build.0 = Release|Any CPU
		{0AA2E20C-394A-451E-86CC-808A9B4B1837}.Release|x86.ActiveCfg = Release|Any CPU
		{0AA2E20C-394A-451E-86CC-808A9B4B1837}.Release|x86.Build.0 = Release|Any CPU
		{06831461-3CBE-4F5B-B129-D6D0B77798C5}.Debug|Any CPU.ActiveCfg = Debug|Any CPU
		{06831461-3CBE-4F5B-B129-D6D0B77798C5}.Debug|Any CPU.Build.0 = Debug|Any CPU
		{06831461-3CBE-4F5B-B129-D6D0B77798C5}.Debug|x64.ActiveCfg = Debug|Any CPU
		{06831461-3CBE-4F5B-B129-D6D0B77798C5}.Debug|x64.Build.0 = Debug|Any CPU
		{06831461-3CBE-4F5B-B129-D6D0B77798C5}.Debug|x86.ActiveCfg = Debug|Any CPU
		{06831461-3CBE-4F5B-B129-D6D0B77798C5}.Debug|x86.Build.0 = Debug|Any CPU
		{06831461-3CBE-4F5B-B129-D6D0B77798C5}.Release|Any CPU.ActiveCfg = Release|Any CPU
		{06831461-3CBE-4F5B-B129-D6D0B77798C5}.Release|Any CPU.Build.0 = Release|Any CPU
		{06831461-3CBE-4F5B-B129-D6D0B77798C5}.Release|x64.ActiveCfg = Release|Any CPU
		{06831461-3CBE-4F5B-B129-D6D0B77798C5}.Release|x64.Build.0 = Release|Any CPU
		{06831461-3CBE-4F5B-B129-D6D0B77798C5}.Release|x86.ActiveCfg = Release|Any CPU
		{06831461-3CBE-4F5B-B129-D6D0B77798C5}.Release|x86.Build.0 = Release|Any CPU
		{B897127E-3738-4317-AF59-2819CE300158}.Debug|Any CPU.ActiveCfg = Debug|Any CPU
		{B897127E-3738-4317-AF59-2819CE300158}.Debug|Any CPU.Build.0 = Debug|Any CPU
		{B897127E-3738-4317-AF59-2819CE300158}.Debug|x64.ActiveCfg = Debug|Any CPU
		{B897127E-3738-4317-AF59-2819CE300158}.Debug|x64.Build.0 = Debug|Any CPU
		{B897127E-3738-4317-AF59-2819CE300158}.Debug|x86.ActiveCfg = Debug|Any CPU
		{B897127E-3738-4317-AF59-2819CE300158}.Debug|x86.Build.0 = Debug|Any CPU
		{B897127E-3738-4317-AF59-2819CE300158}.Release|Any CPU.ActiveCfg = Release|Any CPU
		{B897127E-3738-4317-AF59-2819CE300158}.Release|Any CPU.Build.0 = Release|Any CPU
		{B897127E-3738-4317-AF59-2819CE300158}.Release|x64.ActiveCfg = Release|Any CPU
		{B897127E-3738-4317-AF59-2819CE300158}.Release|x64.Build.0 = Release|Any CPU
		{B897127E-3738-4317-AF59-2819CE300158}.Release|x86.ActiveCfg = Release|Any CPU
		{B897127E-3738-4317-AF59-2819CE300158}.Release|x86.Build.0 = Release|Any CPU
	EndGlobalSection
	GlobalSection(SolutionConfigurationPlatforms) = preSolution
		Debug|Any CPU = Debug|Any CPU
		Debug|x64 = Debug|x64
		Debug|x86 = Debug|x86
		Release|Any CPU = Release|Any CPU
		Release|x64 = Release|x64
		Release|x86 = Release|x86
	EndGlobalSection
	GlobalSection(NestedProjects) = preSolution
		{2911F538-DD2C-4C50-BFAA-FEC3BE2B5D6E} = {3FE1A5F5-5172-4D83-9B68-2E339D7F3CEB}
		{83D13F1F-D5B0-4E1C-9264-80A3324C058B} = {3FE1A5F5-5172-4D83-9B68-2E339D7F3CEB}
		{9A2F768C-82C1-4070-8B2B-33AA5CD6F9AB} = {3FE1A5F5-5172-4D83-9B68-2E339D7F3CEB}
		{0AA2E20C-394A-451E-86CC-808A9B4B1837} = {016AB995-1703-4A7F-95D1-0B1D7157A670}
		{06831461-3CBE-4F5B-B129-D6D0B77798C5} = {016AB995-1703-4A7F-95D1-0B1D7157A670}
		{B897127E-3738-4317-AF59-2819CE300158} = {016AB995-1703-4A7F-95D1-0B1D7157A670}
	EndGlobalSection
EndGlobal
